
Microsoft Visual Studio Solution File, Format Version 12.00
Project("{FAE04EC0-301F-11D3-BF4B-00C04F79EFBC}") = "SeaChess", "SeaChess\SeaChess\SeaChess.csproj", "{A5459B29-B7C6-44FE-BE48-A13F9C111DF7}"
EndProject
Project("{FAE04EC0-301F-11D3-BF4B-00C04F79EFBC}") = "SeaChess.Droid", "SeaChess\SeaChess.Droid\SeaChess.Droid.csproj", "{F06AD872-64BB-4A47-A31E-4A0F2EECFEBD}"
EndProject
Project("{FAE04EC0-301F-11D3-BF4B-00C04F79EFBC}") = "SeaChess.iOS", "SeaChess\SeaChess.iOS\SeaChess.iOS.csproj", "{658B6122-255E-4A59-86A0-BEEA498D6429}"
EndProject
Global
	GlobalSection(SolutionConfigurationPlatforms) = preSolution
		Ad-Hoc|iPhone = Ad-Hoc|iPhone
		AppStore|iPhone = AppStore|iPhone
		Debug|Any CPU = Debug|Any CPU
		Debug|iPhone = Debug|iPhone
		Debug|iPhoneSimulator = Debug|iPhoneSimulator
		Release|Any CPU = Release|Any CPU
		Release|iPhone = Release|iPhone
		Release|iPhoneSimulator = Release|iPhoneSimulator
	EndGlobalSection
	GlobalSection(ProjectConfigurationPlatforms) = postSolution
		{A5459B29-B7C6-44FE-BE48-A13F9C111DF7}.Ad-Hoc|iPhone.ActiveCfg = Debug|Any CPU
		{A5459B29-B7C6-44FE-BE48-A13F9C111DF7}.Ad-Hoc|iPhone.Build.0 = Debug|Any CPU
		{A5459B29-B7C6-44FE-BE48-A13F9C111DF7}.AppStore|iPhone.ActiveCfg = Debug|Any CPU
		{A5459B29-B7C6-44FE-BE48-A13F9C111DF7}.AppStore|iPhone.Build.0 = Debug|Any CPU
		{A5459B29-B7C6-44FE-BE48-A13F9C111DF7}.Debug|Any CPU.ActiveCfg = Debug|Any CPU
		{A5459B29-B7C6-44FE-BE48-A13F9C111DF7}.Debug|Any CPU.Build.0 = Debug|Any CPU
		{A5459B29-B7C6-44FE-BE48-A13F9C111DF7}.Debug|iPhone.ActiveCfg = Debug|Any CPU
		{A5459B29-B7C6-44FE-BE48-A13F9C111DF7}.Debug|iPhone.Build.0 = Debug|Any CPU
		{A5459B29-B7C6-44FE-BE48-A13F9C111DF7}.Debug|iPhoneSimulator.ActiveCfg = Debug|Any CPU
		{A5459B29-B7C6-44FE-BE48-A13F9C111DF7}.Debug|iPhoneSimulator.Build.0 = Debug|Any CPU
		{A5459B29-B7C6-44FE-BE48-A13F9C111DF7}.Release|Any CPU.ActiveCfg = Release|Any CPU
		{A5459B29-B7C6-44FE-BE48-A13F9C111DF7}.Release|Any CPU.Build.0 = Release|Any CPU
		{A5459B29-B7C6-44FE-BE48-A13F9C111DF7}.Release|iPhone.ActiveCfg = Release|Any CPU
		{A5459B29-B7C6-44FE-BE48-A13F9C111DF7}.Release|iPhone.Build.0 = Release|Any CPU
		{A5459B29-B7C6-44FE-BE48-A13F9C111DF7}.Release|iPhoneSimulator.ActiveCfg = Release|Any CPU
		{A5459B29-B7C6-44FE-BE48-A13F9C111DF7}.Release|iPhoneSimulator.Build.0 = Release|Any CPU
		{F06AD872-64BB-4A47-A31E-4A0F2EECFEBD}.Ad-Hoc|iPhone.ActiveCfg = Debug|Any CPU
		{F06AD872-64BB-4A47-A31E-4A0F2EECFEBD}.Ad-Hoc|iPhone.Build.0 = Debug|Any CPU
		{F06AD872-64BB-4A47-A31E-4A0F2EECFEBD}.Ad-Hoc|iPhone.Deploy.0 = Debug|Any CPU
		{F06AD872-64BB-4A47-A31E-4A0F2EECFEBD}.AppStore|iPhone.ActiveCfg = Debug|Any CPU
		{F06AD872-64BB-4A47-A31E-4A0F2EECFEBD}.AppStore|iPhone.Build.0 = Debug|Any CPU
		{F06AD872-64BB-4A47-A31E-4A0F2EECFEBD}.AppStore|iPhone.Deploy.0 = Debug|Any CPU
		{F06AD872-64BB-4A47-A31E-4A0F2EECFEBD}.Debug|Any CPU.ActiveCfg = Debug|Any CPU
		{F06AD872-64BB-4A47-A31E-4A0F2EECFEBD}.Debug|Any CPU.Build.0 = Debug|Any CPU
		{F06AD872-64BB-4A47-A31E-4A0F2EECFEBD}.Debug|Any CPU.Deploy.0 = Debug|Any CPU
		{F06AD872-64BB-4A47-A31E-4A0F2EECFEBD}.Debug|iPhone.ActiveCfg = Debug|Any CPU
		{F06AD872-64BB-4A47-A31E-4A0F2EECFEBD}.Debug|iPhone.Build.0 = Debug|Any CPU
		{F06AD872-64BB-4A47-A31E-4A0F2EECFEBD}.Debug|iPhone.Deploy.0 = Debug|Any CPU
		{F06AD872-64BB-4A47-A31E-4A0F2EECFEBD}.Debug|iPhoneSimulator.ActiveCfg = Debug|Any CPU
		{F06AD872-64BB-4A47-A31E-4A0F2EECFEBD}.Debug|iPhoneSimulator.Build.0 = Debug|Any CPU
		{F06AD872-64BB-4A47-A31E-4A0F2EECFEBD}.Debug|iPhoneSimulator.Deploy.0 = Debug|Any CPU
		{F06AD872-64BB-4A47-A31E-4A0F2EECFEBD}.Release|Any CPU.ActiveCfg = Release|Any CPU
		{F06AD872-64BB-4A47-A31E-4A0F2EECFEBD}.Release|Any CPU.Build.0 = Release|Any CPU
		{F06AD872-64BB-4A47-A31E-4A0F2EECFEBD}.Release|Any CPU.Deploy.0 = Release|Any CPU
		{F06AD872-64BB-4A47-A31E-4A0F2EECFEBD}.Release|iPhone.ActiveCfg = Release|Any CPU
		{F06AD872-64BB-4A47-A31E-4A0F2EECFEBD}.Release|iPhone.Build.0 = Release|Any CPU
		{F06AD872-64BB-4A47-A31E-4A0F2EECFEBD}.Release|iPhone.Deploy.0 = Release|Any CPU
		{F06AD872-64BB-4A47-A31E-4A0F2EECFEBD}.Release|iPhoneSimulator.ActiveCfg = Release|Any CPU
		{F06AD872-64BB-4A47-A31E-4A0F2EECFEBD}.Release|iPhoneSimulator.Build.0 = Release|Any CPU
		{F06AD872-64BB-4A47-A31E-4A0F2EECFEBD}.Release|iPhoneSimulator.Deploy.0 = Release|Any CPU
		{658B6122-255E-4A59-86A0-BEEA498D6429}.Ad-Hoc|iPhone.ActiveCfg = Ad-Hoc|iPhone
		{658B6122-255E-4A59-86A0-BEEA498D6429}.Ad-Hoc|iPhone.Build.0 = Ad-Hoc|iPhone
		{658B6122-255E-4A59-86A0-BEEA498D6429}.Ad-Hoc|iPhone.Deploy.0 = Ad-Hoc|iPhone
		{658B6122-255E-4A59-86A0-BEEA498D6429}.AppStore|iPhone.ActiveCfg = AppStore|iPhone
		{658B6122-255E-4A59-86A0-BEEA498D6429}.AppStore|iPhone.Build.0 = AppStore|iPhone
		{658B6122-255E-4A59-86A0-BEEA498D6429}.AppStore|iPhone.Deploy.0 = AppStore|iPhone
		{658B6122-255E-4A59-86A0-BEEA498D6429}.Debug|Any CPU.ActiveCfg = Debug|iPhoneSimulator
		{658B6122-255E-4A59-86A0-BEEA498D6429}.Debug|Any CPU.Build.0 = Debug|iPhoneSimulator
		{658B6122-255E-4A59-86A0-BEEA498D6429}.Debug|Any CPU.Deploy.0 = Debug|iPhoneSimulator
		{658B6122-255E-4A59-86A0-BEEA498D6429}.Debug|iPhone.ActiveCfg = Debug|iPhone
		{658B6122-255E-4A59-86A0-BEEA498D6429}.Debug|iPhone.Build.0 = Debug|iPhone
		{658B6122-255E-4A59-86A0-BEEA498D6429}.Debug|iPhone.Deploy.0 = Debug|iPhone
		{658B6122-255E-4A59-86A0-BEEA498D6429}.Debug|iPhoneSimulator.ActiveCfg = Debug|iPhoneSimulator
		{658B6122-255E-4A59-86A0-BEEA498D6429}.Debug|iPhoneSimulator.Build.0 = Debug|iPhoneSimulator
		{658B6122-255E-4A59-86A0-BEEA498D6429}.Debug|iPhoneSimulator.Deploy.0 = Debug|iPhoneSimulator
		{658B6122-255E-4A59-86A0-BEEA498D6429}.Release|Any CPU.ActiveCfg = Release|iPhoneSimulator
		{658B6122-255E-4A59-86A0-BEEA498D6429}.Release|Any CPU.Build.0 = Release|iPhoneSimulator
		{658B6122-255E-4A59-86A0-BEEA498D6429}.Release|Any CPU.Deploy.0 = Release|iPhoneSimulator
		{658B6122-255E-4A59-86A0-BEEA498D6429}.Release|iPhone.ActiveCfg = Release|iPhone
		{658B6122-255E-4A59-86A0-BEEA498D6429}.Release|iPhone.Build.0 = Release|iPhone
		{658B6122-255E-4A59-86A0-BEEA498D6429}.Release|iPhone.Deploy.0 = Release|iPhone
		{658B6122-255E-4A59-86A0-BEEA498D6429}.Release|iPhoneSimulator.ActiveCfg = Release|iPhoneSimulator
		{658B6122-255E-4A59-86A0-BEEA498D6429}.Release|iPhoneSimulator.Build.0 = Release|iPhoneSimulator
		{658B6122-255E-4A59-86A0-BEEA498D6429}.Release|iPhoneSimulator.Deploy.0 = Release|iPhoneSimulator
	EndGlobalSection
EndGlobal
